
Microsoft Visual Studio Solution File, Format Version 12.00
# Visual Studio 15
VisualStudioVersion = 15.0.27703.2000
MinimumVisualStudioVersion = 10.0.40219.1
Project("{FAE04EC0-301F-11D3-BF4B-00C04F79EFBC}") = "BackendCapstone", "BackendCapstone\BackendCapstone.csproj", "{4381B020-B6B8-45DE-8DB9-57BB22B800CB}"
EndProject
Global
	GlobalSection(SolutionConfigurationPlatforms) = preSolution
		Debug|Any CPU = Debug|Any CPU
		Release|Any CPU = Release|Any CPU
	EndGlobalSection
	GlobalSection(ProjectConfigurationPlatforms) = postSolution
		{4381B020-B6B8-45DE-8DB9-57BB22B800CB}.Debug|Any CPU.ActiveCfg = Debug|Any CPU
		{4381B020-B6B8-45DE-8DB9-57BB22B800CB}.Debug|Any CPU.Build.0 = Debug|Any CPU
		{4381B020-B6B8-45DE-8DB9-57BB22B800CB}.Release|Any CPU.ActiveCfg = Release|Any CPU
		{4381B020-B6B8-45DE-8DB9-57BB22B800CB}.Release|Any CPU.Build.0 = Release|Any CPU
	EndGlobalSection
	GlobalSection(SolutionProperties) = preSolution
		HideSolutionNode = FALSE
	EndGlobalSection
	GlobalSection(ExtensibilityGlobals) = postSolution
		SolutionGuid = {B50B181D-D870-4961-A66C-8C2D8A7FB412}
	EndGlobalSection
EndGlobal
